
Microsoft Visual Studio Solution File, Format Version 12.00
# Visual Studio 15
VisualStudioVersion = 15.0.26430.16
MinimumVisualStudioVersion = 10.0.40219.1
Project("{FAE04EC0-301F-11D3-BF4B-00C04F79EFBC}") = "Raamakrishnan.Helpers", "Raamakrishnan.Helpers\Raamakrishnan.Helpers.csproj", "{61E3C260-E06A-44C8-85FD-41442B392D29}"
EndProject
Project("{FAE04EC0-301F-11D3-BF4B-00C04F79EFBC}") = "Raamakrishnan.Helpers.Sample", "Raamakrishnan.Helpers.Sample\Raamakrishnan.Helpers.Sample.csproj", "{B83840CD-27D2-41E1-AFA6-7ABAF125BAA6}"
EndProject
Global
	GlobalSection(SolutionConfigurationPlatforms) = preSolution
		Debug|Any CPU = Debug|Any CPU
		Debug|ARM = Debug|ARM
		Debug|x64 = Debug|x64
		Debug|x86 = Debug|x86
		Release|Any CPU = Release|Any CPU
		Release|ARM = Release|ARM
		Release|x64 = Release|x64
		Release|x86 = Release|x86
	EndGlobalSection
	GlobalSection(ProjectConfigurationPlatforms) = postSolution
		{61E3C260-E06A-44C8-85FD-41442B392D29}.Debug|Any CPU.ActiveCfg = Debug|Any CPU
		{61E3C260-E06A-44C8-85FD-41442B392D29}.Debug|Any CPU.Build.0 = Debug|Any CPU
		{61E3C260-E06A-44C8-85FD-41442B392D29}.Debug|ARM.ActiveCfg = Debug|ARM
		{61E3C260-E06A-44C8-85FD-41442B392D29}.Debug|ARM.Build.0 = Debug|ARM
		{61E3C260-E06A-44C8-85FD-41442B392D29}.Debug|x64.ActiveCfg = Debug|x64
		{61E3C260-E06A-44C8-85FD-41442B392D29}.Debug|x64.Build.0 = Debug|x64
		{61E3C260-E06A-44C8-85FD-41442B392D29}.Debug|x86.ActiveCfg = Debug|x86
		{61E3C260-E06A-44C8-85FD-41442B392D29}.Debug|x86.Build.0 = Debug|x86
		{61E3C260-E06A-44C8-85FD-41442B392D29}.Release|Any CPU.ActiveCfg = Release|Any CPU
		{61E3C260-E06A-44C8-85FD-41442B392D29}.Release|Any CPU.Build.0 = Release|Any CPU
		{61E3C260-E06A-44C8-85FD-41442B392D29}.Release|ARM.ActiveCfg = Release|ARM
		{61E3C260-E06A-44C8-85FD-41442B392D29}.Release|ARM.Build.0 = Release|ARM
		{61E3C260-E06A-44C8-85FD-41442B392D29}.Release|x64.ActiveCfg = Release|x64
		{61E3C260-E06A-44C8-85FD-41442B392D29}.Release|x64.Build.0 = Release|x64
		{61E3C260-E06A-44C8-85FD-41442B392D29}.Release|x86.ActiveCfg = Release|x86
		{61E3C260-E06A-44C8-85FD-41442B392D29}.Release|x86.Build.0 = Release|x86
		{B83840CD-27D2-41E1-AFA6-7ABAF125BAA6}.Debug|Any CPU.ActiveCfg = Debug|x86
		{B83840CD-27D2-41E1-AFA6-7ABAF125BAA6}.Debug|ARM.ActiveCfg = Debug|ARM
		{B83840CD-27D2-41E1-AFA6-7ABAF125BAA6}.Debug|ARM.Build.0 = Debug|ARM
		{B83840CD-27D2-41E1-AFA6-7ABAF125BAA6}.Debug|ARM.Deploy.0 = Debug|ARM
		{B83840CD-27D2-41E1-AFA6-7ABAF125BAA6}.Debug|x64.ActiveCfg = Debug|x64
		{B83840CD-27D2-41E1-AFA6-7ABAF125BAA6}.Debug|x64.Build.0 = Debug|x64
		{B83840CD-27D2-41E1-AFA6-7ABAF125BAA6}.Debug|x64.Deploy.0 = Debug|x64
		{B83840CD-27D2-41E1-AFA6-7ABAF125BAA6}.Debug|x86.ActiveCfg = Debug|x86
		{B83840CD-27D2-41E1-AFA6-7ABAF125BAA6}.Debug|x86.Build.0 = Debug|x86
		{B83840CD-27D2-41E1-AFA6-7ABAF125BAA6}.Debug|x86.Deploy.0 = Debug|x86
		{B83840CD-27D2-41E1-AFA6-7ABAF125BAA6}.Release|Any CPU.ActiveCfg = Release|x86
		{B83840CD-27D2-41E1-AFA6-7ABAF125BAA6}.Release|ARM.ActiveCfg = Release|ARM
		{B83840CD-27D2-41E1-AFA6-7ABAF125BAA6}.Release|ARM.Build.0 = Release|ARM
		{B83840CD-27D2-41E1-AFA6-7ABAF125BAA6}.Release|ARM.Deploy.0 = Release|ARM
		{B83840CD-27D2-41E1-AFA6-7ABAF125BAA6}.Release|x64.ActiveCfg = Release|x64
		{B83840CD-27D2-41E1-AFA6-7ABAF125BAA6}.Release|x64.Build.0 = Release|x64
		{B83840CD-27D2-41E1-AFA6-7ABAF125BAA6}.Release|x64.Deploy.0 = Release|x64
		{B83840CD-27D2-41E1-AFA6-7ABAF125BAA6}.Release|x86.ActiveCfg = Release|x86
		{B83840CD-27D2-41E1-AFA6-7ABAF125BAA6}.Release|x86.Build.0 = Release|x86
		{B83840CD-27D2-41E1-AFA6-7ABAF125BAA6}.Release|x86.Deploy.0 = Release|x86
	EndGlobalSection
	GlobalSection(SolutionProperties) = preSolution
		HideSolutionNode = FALSE
	EndGlobalSection
EndGlobal
